schema: '2.0'
stages:
  augmentation_visualisation:
    cmd: python3 src/augmentation_visualisation.py
    deps:
    - path: data/processed/train
      md5: fe46cb0152c9cbbcbd9310681d7f1138.dir
      size: 22631897
      nfiles: 909
    - path: src/augmentation_visualisation.py
      md5: 5ecb204dde2b36cf9cf989079ef3e893
      size: 1481
    - path: src/utils/data/tfdatasets.py
      md5: 597721beb3f0e4c2b26645a4bb116335
      size: 6584
    params:
      params.yaml:
        all.input_size:
        - 224
        - 224
        - 1
        all.random_brightness: 0.2
        all.random_contrast: 0.2
        all.random_crop:
        - 224
        - 224
        all.random_flip: horizontal_and_vertical
        all.random_rotation: 0.4
        all.random_translation_height:
        - -0.1
        - 0.1
        all.random_translation_width:
        - -0.1
        - 0.1
        all.random_zoom:
        - -0.1
        - 0.1
    outs:
    - path: visualisation/augmentation/casting_augmented_images.png
      md5: 7bb956d4b11862f45f3a7ad8c7fa461f
      size: 292379
  train_test_split:
    cmd: python3 src/train_test_split.py
    deps:
    - path: data/raw
      md5: 563507493540e6e4d2a729d9c4dd1ba4.dir
      size: 32402506
      nfiles: 1303
    - path: src/train_test_split.py
      md5: cf18f7d8a4ed47630ad1e033ee739a8e
      size: 2934
    - path: src/utils/dvc/params.py
      md5: 29fe2901f8c48bca234c1792cb8c23e8
      size: 836
    params:
      params.yaml:
        train_test_split.seed: 14
        train_test_split.shuffle: true
        train_test_split.split_ratio: 0.8
    outs:
    - path: data/processed/test
      md5: 6eb73943fd549cbb0bee08129c9f17d1.dir
      size: 6472555
      nfiles: 261
    - path: data/processed/train
      md5: c5defe0226b3dfadcf5b347a47a57c32.dir
      size: 25929828
      nfiles: 1039
  extract_complexity:
    cmd: python3 src/extract_complexity.py
    deps:
    - path: data/processed/casting/test
      hash: md5
      md5: 7a6bc7ed79ac1155f9ea0d8355656b14.dir
      size: 3293937
      nfiles: 132
    - path: data/processed/casting/train
      hash: md5
      md5: aa31716cf1193ec7c92bc1fb0416068a.dir
      size: 25870164
      nfiles: 1039
    - path: data/processed/casting/val
      hash: md5
      md5: 88e1e0cba44f7c0cd1f67c323e397a5e.dir
      size: 3238282
      nfiles: 129
    - path: data/raw/general/all
      hash: md5
      md5: c49a241c204678e1e8d029a384e6f9a3.dir
      size: 3950560
      nfiles: 50
    - path: src/extract_complexity.py
      hash: md5
      md5: 891288e84061cad482d2f634e3524ea7
      size: 3162
    - path: src/utils/data/complexityaux.py
      hash: md5
      md5: 2e242f5ca763aed82b71a7660d4ab662
      size: 2908
    - path: src/utils/data/jpegmse.py
      hash: md5
      md5: 8013b33d670ed2cca56cba446a436c03
      size: 3844
    - path: src/utils/dvc/params.py
      md5: c57ff0542069d8b6236b09e7aee32be8
      size: 1268
    - path: src/utils/misc.py
      md5: e29c4af95c5e5d4228701c6303e83b86
      size: 3503
    params:
      params.yaml:
        all.dataset: casting
        all.grayscale: true
        all.scale: 255
    outs:
    - path: data/processed/casting/tabular/complexity.csv
      hash: md5
      md5: 699fdb3cec3121651eb8c8b9b1360b32
      size: 122697
    - path: visualisation/casting/complexity_hist.png
      hash: md5
      md5: 8917051aad40c9737acbfe580a13f147
      size: 20361
  dataset_split:
    cmd: python3 src/dataset_split.py
    deps:
    - path: data/raw/casting
      hash: md5
      md5: b333fcc1e3fbef34d7e404ab1fd8af37.dir
      size: 32402383
      nfiles: 1300
    - path: src/dataset_split.py
      md5: fd43a20218ff832aedd35d7e7dd988bb
      size: 2502
    - path: src/utils/dvc/params.py
      md5: c57ff0542069d8b6236b09e7aee32be8
      size: 1268
    - path: src/utils/misc.py
      md5: e29c4af95c5e5d4228701c6303e83b86
      size: 3503
    params:
      params.yaml:
        all.dataset: casting
        all.seed: 13
        dataset_split.shuffle: true
        dataset_split.split_ratio:
        - 0.8
        - 0.1
        - 0.1
    outs:
    - path: data/processed/casting/test
      hash: md5
      md5: 7a6bc7ed79ac1155f9ea0d8355656b14.dir
      size: 3293937
      nfiles: 132
    - path: data/processed/casting/train
      hash: md5
      md5: aa31716cf1193ec7c92bc1fb0416068a.dir
      size: 25870164
      nfiles: 1039
    - path: data/processed/casting/val
      hash: md5
      md5: 88e1e0cba44f7c0cd1f67c323e397a5e.dir
      size: 3238282
      nfiles: 129
  cae_hp_tuning:
    cmd: python3 src/cae_hp_tuning.py
    deps:
    - path: data/processed/casting/train
      hash: md5
      md5: aa31716cf1193ec7c92bc1fb0416068a.dir
      size: 25870164
      nfiles: 1039
    - path: data/processed/casting/val
      hash: md5
      md5: 88e1e0cba44f7c0cd1f67c323e397a5e.dir
      size: 3238282
      nfiles: 129
    - path: src/cae_hp_tuning.py
      md5: 948c38992d703fa2b4e89cc6a4cbcfaa
      size: 4380
    - path: src/utils/data/tfdatasets.py
      md5: 6d886d24705a0b39ce24c4f9f1076529
      size: 6588
    - path: src/utils/dvc/params.py
      md5: c57ff0542069d8b6236b09e7aee32be8
      size: 1268
    - path: src/utils/misc.py
      md5: e29c4af95c5e5d4228701c6303e83b86
      size: 3503
    - path: src/utils/models/kerasaux.py
      md5: 254eadd4c77e4afca36f020eb569d754
      size: 11749
    - path: src/utils/models/ktmodels.py
      hash: md5
      md5: d6b0485941cb50edd8c194d8673e650f
      size: 10559
    params:
      params.yaml:
        all.dataset: casting
        all.grayscale: true
        all.input_size:
        - 256
        - 256
        - 3
        all.random_brightness: 0.2
        all.random_contrast: 0.2
        all.random_crop:
        - 224
        - 224
        all.random_flip: horizontal_and_vertical
        all.random_rotation: 0.4
        all.random_translation_height:
        - -0.1
        - 0.1
        all.random_translation_width:
        - -0.1
        - 0.1
        all.random_zoom:
        - -0.1
        - 0.1
        all.scale: 255
        all.seed: 13
        cae_hp_tuning.alpha: 0.98
        cae_hp_tuning.batch_size: 8
        cae_hp_tuning.beta: 0.93
        cae_hp_tuning.bottleneck_filters: 128
        cae_hp_tuning.early_stopping: false
        cae_hp_tuning.epochs: 50
        cae_hp_tuning.max_trials: 75
        cae_hp_tuning.min_lr: 1e-06
        cae_hp_tuning.patience: 3
        cae_hp_tuning.revive_best: true
    outs:
    - path: models/casting/bin/hp_search_best.hdf5
      hash: md5
      md5: 25950133d1f26d9097272ccf5ce525be
      size: 10522744
    - path: models/casting/logs/hp_search/CAE
      hash: md5
      md5: 49734141bd1bea596fb7eca0a5e0ef63.dir
      size: 1668686227
      nfiles: 302
    - path: models/casting/logs/hp_search/hp_search_results.txt
      hash: md5
      md5: 00f573fcda73335a297836fa05e5cbf1
      size: 2344
    - path: models/casting/logs/hp_search/tb
      hash: md5
      md5: a53ff4fa2bd746cfd15100e16a3dc03d.dir
      size: 39362802
      nfiles: 225
  visualisation:
    cmd: python3 src/visualisation.py
    deps:
    - path: data/processed/train
      md5: fe46cb0152c9cbbcbd9310681d7f1138.dir
      size: 22631897
      nfiles: 909
    - path: models/best_cae.hdf5
      md5: 731c6664272be9403773f55ecbdd3c84
      size: 6029136
    - path: src/utils/data/tfdatasets.py
      md5: 597721beb3f0e4c2b26645a4bb116335
      size: 6584
    - path: src/utils/dvc/params.py
      md5: 29fe2901f8c48bca234c1792cb8c23e8
      size: 836
    - path: src/visualisation.py
      md5: 13314fa8db8dfdd06486cd4005fae2d3
      size: 2317
    params:
      params.yaml:
        all.random_brightness: 0.2
        all.random_contrast: 0.2
        all.random_crop:
        - 224
        - 224
        all.random_flip: horizontal_and_vertical
        all.random_rotation: 0.4
        all.random_translation_height:
        - -0.1
        - 0.1
        all.random_translation_width:
        - -0.1
        - 0.1
        all.random_zoom:
        - -0.1
        - 0.1
    outs:
    - path: visualisation/augmentation/augmented_images.png
      md5: 544e01a35d2f2e697231aa813deff9da
      size: 289277
    - path: visualisation/reconstruction/reconstructed_images.png
      md5: 66f1cedae454a2075c101b802cbed542
      size: 323819
  cae_training:
    cmd: python3 src/cae_training.py
    deps:
    - path: data/processed/casting/train
      hash: md5
      md5: aa31716cf1193ec7c92bc1fb0416068a.dir
      size: 25870164
      nfiles: 1039
    - path: data/processed/casting/val
      hash: md5
      md5: 88e1e0cba44f7c0cd1f67c323e397a5e.dir
      size: 3238282
      nfiles: 129
    - path: models/casting/bin/pretrained_cae.hdf5
      hash: md5
      md5: 6f22df717676f2cea11d92c3a1698f25
      size: 31386672
    - path: src/cae_training.py
      md5: 491ddf5b491f193c66f00eaac20f0326
      size: 4249
    - path: src/utils/data/tfdatasets.py
      md5: 6d886d24705a0b39ce24c4f9f1076529
      size: 6588
    - path: src/utils/dvc/params.py
      md5: c57ff0542069d8b6236b09e7aee32be8
      size: 1268
    - path: src/utils/models/kerasaux.py
      md5: 254eadd4c77e4afca36f020eb569d754
      size: 11749
    params:
      params.yaml:
        all.dataset: casting
        all.grayscale: true
        all.input_size:
        - 256
        - 256
        - 3
        all.random_brightness: 0.2
        all.random_contrast: 0.2
        all.random_crop:
        - 224
        - 224
        all.random_flip: horizontal_and_vertical
        all.random_rotation: 0.4
        all.random_translation_height:
        - -0.1
        - 0.1
        all.random_translation_width:
        - -0.1
        - 0.1
        all.random_zoom:
        - -0.1
        - 0.1
        all.scale: 255
        all.seed: 13
        cae_training.alpha: 0.98
        cae_training.batch_size: 8
        cae_training.beta: 0.93
        cae_training.early_stopping: false
        cae_training.epochs: 100
        cae_training.learning_rate: 0.0005
        cae_training.min_lr: 1e-05
        cae_training.patience: 5
        cae_training.revive_best: true
    outs:
    - path: models/casting/bin/trained_cae.hdf5
      hash: md5
      md5: 9034032dd6e687cdcfd78b6ae3630ba2
      size: 31386672
    - path: models/casting/logs/training_history.csv
      hash: md5
      md5: b1f39bb1b3df7bdc8414112908e8e417
      size: 12799
  calculate_reconstruction_mse:
    cmd: python3 src/calculate_reconstruction_mse.py
    deps:
    - path: data/processed/casting/test
      hash: md5
      md5: 7a6bc7ed79ac1155f9ea0d8355656b14.dir
      size: 3293937
      nfiles: 132
    - path: data/processed/casting/train
      hash: md5
      md5: aa31716cf1193ec7c92bc1fb0416068a.dir
      size: 25870164
      nfiles: 1039
    - path: data/processed/casting/val
      hash: md5
      md5: 88e1e0cba44f7c0cd1f67c323e397a5e.dir
      size: 3238282
      nfiles: 129
    - path: models/casting/bin/trained_cae.hdf5
      hash: md5
      md5: 9034032dd6e687cdcfd78b6ae3630ba2
      size: 31386672
    - path: src/calculate_reconstruction_mse.py
      hash: md5
      md5: d5635fdf04b657417b6a60b14114deeb
      size: 3254
    - path: src/utils/data/complexityaux.py
      hash: md5
      md5: 2e242f5ca763aed82b71a7660d4ab662
      size: 2908
    - path: src/utils/dvc/params.py
      md5: c57ff0542069d8b6236b09e7aee32be8
      size: 1268
    params:
      params.yaml:
        all.dataset: casting
        all.grayscale: true
        all.scale: 255
    outs:
    - path: data/processed/casting/tabular/cae_mse.csv
      hash: md5
      md5: b9d9c8bd3ea8ca88a6569753a09eb1a3
      size: 124384
    - path: visualisation/casting/caemse_hist.png
      hash: md5
      md5: c3b6cec0eb21b032e4a87ce33064bfdd
      size: 20369
  reconstruction_visualisation:
    cmd: python3 src/reconstruction_visualisation.py
    deps:
    - path: data/processed/train
      md5: fe46cb0152c9cbbcbd9310681d7f1138.dir
      size: 22631897
      nfiles: 909
    - path: models/casting/bin/best_cae.hdf5
      md5: 6b9df6103851a224ba0bfe5d05d56bb8
      size: 5551848
    - path: src/reconstruction_visualisation.py
      md5: 53d79bde8eb96e36f7777e1697d8b6de
      size: 1305
    - path: src/utils/data/tfdatasets.py
      md5: 597721beb3f0e4c2b26645a4bb116335
      size: 6584
    params:
      params.yaml:
        all.input_size:
        - 224
        - 224
        - 1
    outs:
    - path: visualisation/reconstruction/casting/reconstructed_images.png
      md5: 7072ee3aa0fa13625c458fb47eccbf1e
      size: 323194
  complexity_vs_caemse:
    cmd: python3 src/complexity_vs_caemse.py
    deps:
    - path: data/processed/casting/tabular/cae_mse.csv
      hash: md5
      md5: b9d9c8bd3ea8ca88a6569753a09eb1a3
      size: 124384
    - path: data/processed/casting/tabular/complexity.csv
      hash: md5
      md5: 699fdb3cec3121651eb8c8b9b1360b32
      size: 122697
    - path: src/complexity_vs_caemse.py
      md5: b24e7f6cf9661963f48002a73b9b4f93
      size: 2863
    - path: src/utils/dvc/params.py
      md5: c57ff0542069d8b6236b09e7aee32be8
      size: 1268
    params:
      params.yaml:
        all.dataset: casting
    outs:
    - path: visualisation/casting/complexity_vs_caemse.html
      hash: md5
      md5: 0304f35cbb0815aa91b661941369d87a
      size: 3629327
  cae_mse_model:
    cmd: python3 src/cae_mse_model.py
    deps:
    - path: data/processed/casting/tabular/cae_mse.csv
      hash: md5
      md5: b9d9c8bd3ea8ca88a6569753a09eb1a3
      size: 124384
    - path: src/cae_mse_model.py
      hash: md5
      md5: 981bc59c72f907221d2cd67d5cf66089
      size: 2612
    - path: src/utils/dvc/params.py
      md5: c57ff0542069d8b6236b09e7aee32be8
      size: 1268
    - path: src/utils/misc.py
      md5: e29c4af95c5e5d4228701c6303e83b86
      size: 3503
    params:
      params.yaml:
        all.dataset: casting
        all.models_n_iter: 25
        all.models_n_splits: 10
        all.models_score_func: f1
    outs:
    - path: models/casting/bin/logistic_regression_cae.joblib
      hash: md5
      md5: b4e082f839023050916cc1b29f7f7a9e
      size: 1259
  evaluate:
    cmd: python3 src/evaluate.py
    deps:
    - path: data/processed/casting/tabular/cae_mse.csv
      hash: md5
      md5: b9d9c8bd3ea8ca88a6569753a09eb1a3
      size: 124384
    - path: data/processed/casting/tabular/complexity.csv
      hash: md5
      md5: 699fdb3cec3121651eb8c8b9b1360b32
      size: 122697
    - path: models/casting/bin/logistic_regression_cae.joblib
      hash: md5
      md5: b4e082f839023050916cc1b29f7f7a9e
      size: 1259
    - path: models/casting/bin/logistic_regression_combined.joblib
      hash: md5
      md5: 936fda43d8f4388b0a2517cfa36c7036
      size: 1291
    - path: models/casting/bin/logistic_regression_jpeg.joblib
      hash: md5
      md5: 345a06aa633f85eb5df7ab574faa1a39
      size: 1275
    - path: src/evaluate.py
      hash: md5
      md5: d082b9366cfb7c31b794663a7faddc20
      size: 3420
    - path: src/utils/dvc/params.py
      md5: c57ff0542069d8b6236b09e7aee32be8
      size: 1268
    - path: src/utils/evaluation/classification_metrics.py
      hash: md5
      md5: a4318ebc075cdf541686809b43b0232f
      size: 1014
    outs:
    - path: metrics/casting/cae_metrics.json
      hash: md5
      md5: 8358e7db001e09a92b83e17e2eefbc4b
      size: 128
    - path: metrics/casting/combined_metrics.json
      hash: md5
      md5: 879348cd7d953a576442937f84b1806e
      size: 127
    - path: metrics/casting/jpeg_metrics.json
      hash: md5
      md5: 5863f612147d686a2a793594d05f8d11
      size: 128
    - path: visualisation/casting/cae_confusion_matrix.png
      hash: md5
      md5: 4d509c86ef0d570e5f9c0868657d5221
      size: 20161
    - path: visualisation/casting/combined_confusion_matrix.png
      hash: md5
      md5: 1bf5701586c43b7b222755143e72b38b
      size: 17340
    - path: visualisation/casting/jpeg_confusion_matrix.png
      hash: md5
      md5: d1aa371ee4f399257f787059732053bb
      size: 17391
  corrected_model:
    cmd: python3 src/corrected_model.py
    deps:
    - path: data/processed/streets/tabular/cae_mse.csv
      hash: md5
      md5: 466b1689700d537d4f45e40300d942c2
      size: 61280
    - path: data/processed/streets/tabular/complexity.csv
      hash: md5
      md5: 9d5a10c8c66c2e6a9eb75b8ed9c0f615
      size: 61746
    - path: src/corrected_model.py
      md5: 527530fc447b3086f3586fe9b1b54f57
      size: 2655
    - path: src/utils/dvc/params.py
      md5: c57ff0542069d8b6236b09e7aee32be8
      size: 1268
    - path: src/utils/misc.py
      md5: e29c4af95c5e5d4228701c6303e83b86
      size: 3503
    - path: src/utils/models/threshold_search.py
      md5: b7a0f3bd52e1b1a40c97f328e9f2dbff
      size: 3572
    params:
      params.yaml:
        all.dataset: streets
        corrected_model.balanced: false
        corrected_model.n_iter: 25
        corrected_model.score_func: f1
    outs:
    - path: models/streets/params/corrected_mse_threshold.txt
      hash: md5
      md5: 8bacbe9fc50577d738bb6105a6860fab
      size: 17
    - path: visualisation/streets/corrected_mse.html
      hash: md5
      md5: cfb32648a41286d9ddf0e87f33e06237
      size: 3585287
  cae_pretraining:
    cmd: python3 src/cae_pretraining.py
    deps:
    - path: data/raw/tiny-imagenet-200
      md5: 7a16a4c11bed2b39c5d20c304e85355c.dir
      size: 236686390
      nfiles: 120003
    - path: models/casting/bin/hp_search_best.hdf5
      hash: md5
      md5: 25950133d1f26d9097272ccf5ce525be
      size: 10522744
    - path: src/cae_pretraining.py
      md5: 23ce2b41b813f5cc19d47b81fd3afd8e
      size: 4060
    - path: src/utils/data/tfdatasets.py
      md5: 6d886d24705a0b39ce24c4f9f1076529
      size: 6588
    - path: src/utils/dvc/params.py
      md5: c57ff0542069d8b6236b09e7aee32be8
      size: 1268
    - path: src/utils/misc.py
      md5: e29c4af95c5e5d4228701c6303e83b86
      size: 3503
    - path: src/utils/models/kerasaux.py
      md5: 254eadd4c77e4afca36f020eb569d754
      size: 11749
    params:
      params.yaml:
        all.dataset: casting
        all.grayscale: true
        all.input_size:
        - 256
        - 256
        - 3
        all.random_brightness: 0.2
        all.random_contrast: 0.2
        all.random_crop:
        - 224
        - 224
        all.random_flip: horizontal_and_vertical
        all.random_rotation: 0.4
        all.random_translation_height:
        - -0.1
        - 0.1
        all.random_translation_width:
        - -0.1
        - 0.1
        all.random_zoom:
        - -0.1
        - 0.1
        all.scale: 255
        all.seed: 13
        cae_pretraining.alpha: 0.98
        cae_pretraining.batch_size: 8
        cae_pretraining.beta: 0.93
        cae_pretraining.early_stopping: true
        cae_pretraining.epochs: 2
        cae_pretraining.learning_rate: 0.0015
        cae_pretraining.min_lr: 1e-05
        cae_pretraining.patience: 3
        cae_pretraining.revive_best: false
    outs:
    - path: models/casting/bin/pretrained_cae.hdf5
      hash: md5
      md5: 6f22df717676f2cea11d92c3a1698f25
      size: 31386672
    - path: models/casting/logs/pretraining_history.csv
      hash: md5
      md5: 4773429591f07bd55146295c16637a6b
      size: 284
  metrify:
    cmd: python3 src/metrify.py
    deps:
    - path: metrics/streets
      md5: dd4fdd56d092816d81b189a264c152bd.dir
      size: 630
      nfiles: 3
    - path: src/metrify.py
      md5: 3d08853cc94e47af19fa489b63bd13cd
      size: 926
    outs:
    - path: metrics/metrics.json
      md5: 1133e83fd075dd1e418f6f50ea0162a7
      size: 696
  metrify_reconstruction:
    cmd: python3 src/metrify_reconstruction.py
    deps:
    - path: data/processed/casting/tabular/cae_mse.csv
      hash: md5
      md5: b9d9c8bd3ea8ca88a6569753a09eb1a3
      size: 124384
    - path: src/metrify_reconstruction.py
      hash: md5
      md5: eddbca91c34ec528edfbc104f5c2f1f1
      size: 2826
    - path: src/utils/dvc/params.py
      hash: md5
      md5: c57ff0542069d8b6236b09e7aee32be8
      size: 1268
    outs:
    - path: metrics/casting/reconstruction_data.csv
      hash: md5
      md5: 4a45e4c9c468b33b704e6c6dbd032a82
      size: 349
    - path: metrics/casting/reconstruction_metrics.json
      hash: md5
      md5: 6cdc551fe7b324730ee8120d1c004400
      size: 471
    - path: visualisation/casting/reconstruction_metrics.html
      hash: md5
      md5: 2f2b0674c773d87b91b09e67aa6bfcd9
      size: 3583909
  jpeg_model:
    cmd: python3 src/jpeg_model.py
    deps:
    - path: data/processed/casting/tabular/complexity.csv
      hash: md5
      md5: 699fdb3cec3121651eb8c8b9b1360b32
      size: 122697
    - path: src/jpeg_model.py
      hash: md5
      md5: f89c7956088227b9c4849218c8e884dd
      size: 2677
    - path: src/utils/dvc/params.py
      hash: md5
      md5: c57ff0542069d8b6236b09e7aee32be8
      size: 1268
    - path: src/utils/misc.py
      hash: md5
      md5: e29c4af95c5e5d4228701c6303e83b86
      size: 3503
    params:
      params.yaml:
        all.dataset: casting
        all.models_n_iter: 25
        all.models_n_splits: 10
        all.models_score_func: f1
    outs:
    - path: models/casting/bin/logistic_regression_jpeg.joblib
      hash: md5
      md5: 345a06aa633f85eb5df7ab574faa1a39
      size: 1275
  combined_model:
    cmd: python3 src/combined_model.py
    deps:
    - path: data/processed/casting/tabular/cae_mse.csv
      hash: md5
      md5: b9d9c8bd3ea8ca88a6569753a09eb1a3
      size: 124384
    - path: data/processed/casting/tabular/complexity.csv
      hash: md5
      md5: 699fdb3cec3121651eb8c8b9b1360b32
      size: 122697
    - path: src/combined_model.py
      hash: md5
      md5: da353d9515435b4136215745699499b3
      size: 2792
    - path: src/utils/dvc/params.py
      hash: md5
      md5: c57ff0542069d8b6236b09e7aee32be8
      size: 1268
    - path: src/utils/misc.py
      hash: md5
      md5: e29c4af95c5e5d4228701c6303e83b86
      size: 3503
    params:
      params.yaml:
        all.dataset: casting
        all.models_n_iter: 25
        all.models_n_splits: 10
        all.models_score_func: f1
    outs:
    - path: models/casting/bin/logistic_regression_combined.joblib
      hash: md5
      md5: 936fda43d8f4388b0a2517cfa36c7036
      size: 1291
